
Microsoft Visual Studio Solution File, Format Version 12.00
# Visual Studio Version 17
VisualStudioVersion = 17.9.34407.89
MinimumVisualStudioVersion = 10.0.40219.1
Project("{FAE04EC0-301F-11D3-BF4B-00C04F79EFBC}") = "NavigatingStars", "NavigatingStars\NavigatingStars.csproj", "{686B1A2B-EA7C-483F-A675-D38B66CC2A01}"
EndProject
Global
	GlobalSection(SolutionConfigurationPlatforms) = preSolution
		Debug|Any CPU = Debug|Any CPU
		Release|Any CPU = Release|Any CPU
	EndGlobalSection
	GlobalSection(ProjectConfigurationPlatforms) = postSolution
		{686B1A2B-EA7C-483F-A675-D38B66CC2A01}.Debug|Any CPU.ActiveCfg = Debug|Any CPU
		{686B1A2B-EA7C-483F-A675-D38B66CC2A01}.Debug|Any CPU.Build.0 = Debug|Any CPU
		{686B1A2B-EA7C-483F-A675-D38B66CC2A01}.Release|Any CPU.ActiveCfg = Release|Any CPU
		{686B1A2B-EA7C-483F-A675-D38B66CC2A01}.Release|Any CPU.Build.0 = Release|Any CPU
	EndGlobalSection
	GlobalSection(SolutionProperties) = preSolution
		HideSolutionNode = FALSE
	EndGlobalSection
	GlobalSection(ExtensibilityGlobals) = postSolution
		SolutionGuid = {B84A614D-51B0-4831-991A-BFE5AE042D85}
	EndGlobalSection
EndGlobal
